
Microsoft Visual Studio Solution File, Format Version 12.00
# Visual Studio 14
VisualStudioVersion = 14.0.25420.1
MinimumVisualStudioVersion = 10.0.40219.1
Project("{FAE04EC0-301F-11D3-BF4B-00C04F79EFBC}") = "Project2", "Project2\Project2.csproj", "{DBE6B77B-D621-42C6-B73A-8A620AB3EA36}"
EndProject
Global
	GlobalSection(SolutionConfigurationPlatforms) = preSolution
		Debug|x86 = Debug|x86
		Release|x86 = Release|x86
	EndGlobalSection
	GlobalSection(ProjectConfigurationPlatforms) = postSolution
		{DBE6B77B-D621-42C6-B73A-8A620AB3EA36}.Debug|x86.ActiveCfg = Debug|x86
		{DBE6B77B-D621-42C6-B73A-8A620AB3EA36}.Debug|x86.Build.0 = Debug|x86
		{DBE6B77B-D621-42C6-B73A-8A620AB3EA36}.Release|x86.ActiveCfg = Release|x86
		{DBE6B77B-D621-42C6-B73A-8A620AB3EA36}.Release|x86.Build.0 = Release|x86
	EndGlobalSection
	GlobalSection(SolutionProperties) = preSolution
		HideSolutionNode = FALSE
	EndGlobalSection
EndGlobal
